
Microsoft Visual Studio Solution File, Format Version 12.00
# Visual Studio Version 17
VisualStudioVersion = 17.7.34221.43
MinimumVisualStudioVersion = 10.0.40219.1
Project("{FAE04EC0-301F-11D3-BF4B-00C04F79EFBC}") = "Project", "Project\Project.csproj", "{893090C4-C53F-46C6-82D4-EF7066B9A491}"
EndProject
Global
	GlobalSection(SolutionConfigurationPlatforms) = preSolution
		Debug|Any CPU = Debug|Any CPU
		Release|Any CPU = Release|Any CPU
	EndGlobalSection
	GlobalSection(ProjectConfigurationPlatforms) = postSolution
		{893090C4-C53F-46C6-82D4-EF7066B9A491}.Debug|Any CPU.ActiveCfg = Debug|Any CPU
		{893090C4-C53F-46C6-82D4-EF7066B9A491}.Debug|Any CPU.Build.0 = Debug|Any CPU
		{893090C4-C53F-46C6-82D4-EF7066B9A491}.Release|Any CPU.ActiveCfg = Release|Any CPU
		{893090C4-C53F-46C6-82D4-EF7066B9A491}.Release|Any CPU.Build.0 = Release|Any CPU
	EndGlobalSection
	GlobalSection(SolutionProperties) = preSolution
		HideSolutionNode = FALSE
	EndGlobalSection
	GlobalSection(ExtensibilityGlobals) = postSolution
		SolutionGuid = {67748E94-00F0-4930-914E-5F67578483E0}
	EndGlobalSection
EndGlobal
